# This file is generated by running "yarn install" inside your project.
# Manual changes might be lost - proceed with caution!

__metadata:
  version: 10
  cacheKey: 10c0

"@biomejs/biome@npm:^2.5.8":
  version: 2.5.8
  resolution: "@biomejs/biome@npm:2.5.8"
  dependencies:
    "@biomejs/cli-darwin-arm64": "npm:2.5.8"
    "@biomejs/cli-darwin-x64": "npm:2.5.8"
    "@biomejs/cli-linux-arm64": "npm:2.5.8"
    "@biomejs/cli-linux-arm64-musl": "npm:2.5.8"
    "@biomejs/cli-linux-x64": "npm:2.5.8"
    "@biomejs/cli-linux-x64-musl": "npm:2.5.8"
    "@biomejs/cli-win32-arm64": "npm:2.5.8"
    "@biomejs/cli-win32-x64": "npm:2.5.8"
  dependenciesMeta:
    "@biomejs/cli-darwin-arm64":
      optional: true
    "@biomejs/cli-darwin-x64":
      optional: true
    "@biomejs/cli-linux-arm64":
      optional: true
    "@biomejs/cli-linux-arm64-musl":
      optional: true
    "@biomejs/cli-linux-x64":
      optional: true
    "@biomejs/cli-linux-x64-musl":
      optional: true
    "@biomejs/cli-win32-arm64":
      optional: true
    "@biomejs/cli-win32-x64":
      optional: true
  bin:
    biome: bin/biome
  checksum: 10c0/244e17bc70d25cbbf0838ffc32e472a64ab4e19093c9603aa9e266b1f99a00d5b64590a52678a84ae60ac71e0f268efe437b16852e4c08ddce28131dd35847f3
  languageName: node
  linkType: hard

"@biomejs/cli-darwin-arm64@npm:2.5.8":
  version: 2.5.8
  resolution: "@biomejs/cli-darwin-arm64@npm:2.5.8"
  conditions: os=darwin & cpu=arm64
  languageName: node
  linkType: hard

"@biomejs/cli-darwin-x64@npm:2.5.8":
  version: 2.5.8
  resolution: "@biomejs/cli-darwin-x64@npm:2.5.8"
  conditions: os=darwin & cpu=x64
  languageName: node
  linkType: hard

"@biomejs/cli-linux-arm64-musl@npm:2.5.8":
  version: 2.5.8
  resolution: "@biomejs/cli-linux-arm64-musl@npm:2.5.8"
  conditions: os=linux & cpu=arm64 & libc=musl
  languageName: node
  linkType: hard

"@biomejs/cli-linux-arm64@npm:2.5.8":
  version: 2.5.8
  resolution: "@biomejs/cli-linux-arm64@npm:2.5.8"
  conditions: os=linux & cpu=arm64 & libc=glibc
  languageName: node
  linkType: hard

"@biomejs/cli-linux-x64-musl@npm:2.5.8":
  version: 2.5.8
  resolution: "@biomejs/cli-linux-x64-musl@npm:2.5.8"
  conditions: os=linux & cpu=x64 & libc=musl
  languageName: node
  linkType: hard

"@biomejs/cli-linux-x64@npm:2.5.8":
  version: 2.5.8
  resolution: "@biomejs/cli-linux-x64@npm:2.5.8"
  conditions: os=linux & cpu=x64 & libc=glibc
  languageName: node
  linkType: hard

"@biomejs/cli-win32-arm64@npm:2.5.8":
  version: 2.5.8
  resolution: "@biomejs/cli-win32-arm64@npm:2.5.8"
  conditions: os=win32 & cpu=arm64
  languageName: node
  linkType: hard

"@biomejs/cli-win32-x64@npm:2.5.8":
  version: 2.5.8
  resolution: "@biomejs/cli-win32-x64@npm:2.5.8"
  conditions: os=win32 & cpu=x64
  languageName: node
  linkType: hard

"@isaacs/fs-minipass@npm:^4.0.0":
  version: 4.0.1
  resolution: "@isaacs/fs-minipass@npm:4.0.1"
  dependencies:
    minipass: "npm:^7.0.4"
  checksum: 10c0/c25b6dc1598790d5b55c0947a9b7d111cfa92594db5296c3b907e2f533c033666f692a3939eadac17b1c7c40d362d0b0635dc874cbfe3e70db7c2b07cc97a5d2
  languageName: node
  linkType: hard

"@nrbx/topbar-components@workspace:.":
  version: 0.0.0-use.local
  resolution: "@nrbx/topbar-components@workspace:."
  dependencies:
    "@biomejs/biome": "npm:^2.5.8"
    "@rbxts/compiler-types": "npm:^3.0.0-types.0"
    "@rbxts/object-utils": "npm:^1.0.4"
    "@rbxts/pretty-react-hooks": "npm:^0.6.4"
    "@rbxts/react": "npm:^17.3.7-ts.2"
    "@rbxts/ripple": "npm:^0.9.1"
    "@rbxts/services": "npm:^1.6.0"
    "@rbxts/t": "npm:^3.2.1"
    "@rbxts/types": "npm:^1.0.943"
    roblox-ts: "npm:^3.0.0"
    typescript: "npm:^6.0.3"
  peerDependencies:
    "@rbxts/react": "*"
  languageName: unknown
  linkType: soft

"@rbxts-js/boolean@npm:^1.2.3-ts.1":
  version: 1.2.3-ts.1
  resolution: "@rbxts-js/boolean@npm:1.2.3-ts.1"
  dependencies:
    "@rbxts-js/collections": "npm:^1.2.3-ts.1"
  checksum: 10c0/358b701f373d4b32374d5d4b7f217fa86bcf9ef8f0c89d5ca3b2b82dba2846ed86bd19dc09b3cabf17bed94e4fcbe602e1cc0f7ed324c57f90dcf75024c0dc65
  languageName: node
  linkType: hard

"@rbxts-js/collections@npm:^1.2.3-ts.1":
  version: 1.2.3-ts.1
  resolution: "@rbxts-js/collections@npm:1.2.3-ts.1"
  dependencies:
    "@rbxts-js/es7-types": "npm:^1.2.3-ts.1"
    "@rbxts-js/instance-of": "npm:^1.2.3-ts.1"
  checksum: 10c0/079f0125fb9360e9a53ebee84f5d74b9c2ac9e7bf0dcbc2d31306c50afdd2b65d448877434deaaaf62ac543f91902cbb5470fee67284d05e49b0c0809414a4db
  languageName: node
  linkType: hard

"@rbxts-js/console@npm:^1.2.3-ts.1":
  version: 1.2.3-ts.1
  resolution: "@rbxts-js/console@npm:1.2.3-ts.1"
  dependencies:
    "@rbxts-js/collections": "npm:^1.2.3-ts.1"
  checksum: 10c0/3eed69c8079fca663204cfef4d119e7fbd2807a36680d607af09ae39c8a282ddf694d88549d68e4d49b2414bd1289c361ed1f2cba0ab18d198b5587d106f1462
  languageName: node
  linkType: hard

"@rbxts-js/es7-types@npm:^1.2.3-ts.1":
  version: 1.2.3-ts.1
  resolution: "@rbxts-js/es7-types@npm:1.2.3-ts.1"
  checksum: 10c0/552e68dfd15696a340cfdf36543456dfd6275a262dff493fec1953e3737bdf4abe6138318eff002e92c7a21bfcba108e9cb94891acaedc2c1aa3187e6a0b75fa
  languageName: node
  linkType: hard

"@rbxts-js/instance-of@npm:^1.2.3-ts.1":
  version: 1.2.3-ts.1
  resolution: "@rbxts-js/instance-of@npm:1.2.3-ts.1"
  checksum: 10c0/fa470e4cf37b59a2258837f27d020183a27959a5c9bc71a7cfd24dc429391620f34fa997edbd5477646ba7446913f9765913e0eb3f8391fcd18619e4017615ae
  languageName: node
  linkType: hard

"@rbxts-js/luau-polyfill@npm:^1.2.3-ts.1":
  version: 1.2.3-ts.1
  resolution: "@rbxts-js/luau-polyfill@npm:1.2.3-ts.1"
  dependencies:
    "@rbxts-js/boolean": "npm:^1.2.3-ts.1"
    "@rbxts-js/collections": "npm:^1.2.3-ts.1"
    "@rbxts-js/console": "npm:^1.2.3-ts.1"
    "@rbxts-js/es7-types": "npm:^1.2.3-ts.1"
    "@rbxts-js/instance-of": "npm:^1.2.3-ts.1"
    "@rbxts-js/math": "npm:^1.2.3-ts.1"
    "@rbxts-js/number": "npm:^1.2.3-ts.1"
    "@rbxts-js/string": "npm:^1.2.3-ts.1"
    "@rbxts-js/symbol-luau": "npm:^1.0.0-ts.1"
    "@rbxts-js/timers": "npm:^1.2.3-ts.1"
  checksum: 10c0/2e0fa4c38a45897ccbf8b216ba03fb96e1d217bf2efefb263aaeea4b906ec8ff405ac6463fb8c4b9c59978c588e0fe1a46ee95ef410ee53352b2c755df937144
  languageName: node
  linkType: hard

"@rbxts-js/math@npm:^1.2.3-ts.1":
  version: 1.2.3-ts.1
  resolution: "@rbxts-js/math@npm:1.2.3-ts.1"
  checksum: 10c0/3270b8acbe16d68e24ca127a036f231fcc2ba7d60f553a2b2b14c65400b83c71e13563e5f92a628070ad3932b6ee814cfa3c676518ea5fd2b8b25bd4e1eadcf3
  languageName: node
  linkType: hard

"@rbxts-js/number@npm:^1.2.3-ts.1":
  version: 1.2.3-ts.1
  resolution: "@rbxts-js/number@npm:1.2.3-ts.1"
  checksum: 10c0/48058f6275dd742bcc44492605806f0060814f26cb47aa3bd008317e0cff34c3d149e468f6ebd58c47629dc99484ad85beb7ef704d0653a90ce466692576e112
  languageName: node
  linkType: hard

"@rbxts-js/react-globals@npm:^17.3.7-ts.1":
  version: 17.3.7-ts.1
  resolution: "@rbxts-js/react-globals@npm:17.3.7-ts.1"
  dependencies:
    "@rbxts-js/safe-flags": "npm:^17.3.7-ts.1"
  checksum: 10c0/b278cb7a7adda799021e059de76adffc069a5303cf3d3a961d6f4c8719241923f9fa771c12c4b3f49b5faec3b1935d386b56d1376cc0019e4f566c542ce808e1
  languageName: node
  linkType: hard

"@rbxts-js/react@npm:^17.3.7-ts.1":
  version: 17.3.7-ts.1
  resolution: "@rbxts-js/react@npm:17.3.7-ts.1"
  dependencies:
    "@rbxts-js/luau-polyfill": "npm:^1.2.3-ts.1"
    "@rbxts-js/react-globals": "npm:^17.3.7-ts.1"
    "@rbxts-js/shared": "npm:^17.3.7-ts.1"
  checksum: 10c0/ec462ee39a7b6afe8e49b868076980e397cced9b969c59f738761da8146377f55762dc3477ef862c4493ed3adbbb2fca2d10db246559e75ea2212416cb5f525a
  languageName: node
  linkType: hard

"@rbxts-js/safe-flags@npm:^17.3.7-ts.1":
  version: 17.3.7-ts.1
  resolution: "@rbxts-js/safe-flags@npm:17.3.7-ts.1"
  checksum: 10c0/3e0a4be292d50ffafc0a8faa63d0edb3b1a194928092b5d18c7c26f79c4a9b0a7e799f13fae83b0aeefb604e61d919a1caa3f1ef7d67d87f635b8d1886a8dc10
  languageName: node
  linkType: hard

"@rbxts-js/shared@npm:^17.3.7-ts.1":
  version: 17.3.7-ts.1
  resolution: "@rbxts-js/shared@npm:17.3.7-ts.1"
  dependencies:
    "@rbxts-js/luau-polyfill": "npm:^1.2.3-ts.1"
    "@rbxts-js/react-globals": "npm:^17.3.7-ts.1"
    "@rbxts-js/safe-flags": "npm:^17.3.7-ts.1"
  checksum: 10c0/b63ec72f4032ac447e0c11c312fe972c609cc65e4edf397c63db859af56537afb00f84f5c43a2e09f963d6be2576f54f51a53363cf97e530c8bbfeece7f8a825
  languageName: node
  linkType: hard

"@rbxts-js/string@npm:^1.2.3-ts.1":
  version: 1.2.3-ts.1
  resolution: "@rbxts-js/string@npm:1.2.3-ts.1"
  dependencies:
    "@rbxts-js/es7-types": "npm:^1.2.3-ts.1"
    "@rbxts-js/number": "npm:^1.2.3-ts.1"
  checksum: 10c0/0099ad99b8dec5d539cc2f26853e0eeab304bcbe640b9630b65d02ebd3dce333954d666de83cd5ad4d52bae98573b90b36e5ca31b4a192250be6b50d7ee3d3ae
  languageName: node
  linkType: hard

"@rbxts-js/symbol-luau@npm:^1.0.0-ts.1":
  version: 1.0.0-ts.1
  resolution: "@rbxts-js/symbol-luau@npm:1.0.0-ts.1"
  checksum: 10c0/4d3c421e3fcd8242d903a8b26e649b30c5f429fe0b88d71e364a557bdb27d3f4f6bbb32cf10fe3de813c85d35976ebbf2ec237c86d5ac7fdd886bf3d6aa5e047
  languageName: node
  linkType: hard

"@rbxts-js/timers@npm:^1.2.3-ts.1":
  version: 1.2.3-ts.1
  resolution: "@rbxts-js/timers@npm:1.2.3-ts.1"
  dependencies:
    "@rbxts-js/collections": "npm:^1.2.3-ts.1"
  checksum: 10c0/1b4be31812c8fbdd1693ddd9a238ba00b9fb7ccc62129a7596297d4e6809059316f85ba23507eb36019ddb25bc63605066c082aa0f6e2bc365ca12847ee03c12
  languageName: node
  linkType: hard

"@rbxts/compiler-types@npm:^3.0.0-types.0":
  version: 3.0.0-types.0
  resolution: "@rbxts/compiler-types@npm:3.0.0-types.0"
  checksum: 10c0/5cb03da94893f905ce2d7aed4604d78303c4831d76bbdd260e12a2d19b3326695dae6214d7fd3a29ac0a175ff84f1c74e9ba1b4cdd4206e5a676e8d69fdebefa
  languageName: node
  linkType: hard

"@rbxts/object-utils@npm:^1.0.4":
  version: 1.0.4
  resolution: "@rbxts/object-utils@npm:1.0.4"
  checksum: 10c0/da39c575089d175dd45c3345a1f63b00046f86b2f1bfb3bbbfbe2119f1f3caf9bb79069872a1087faa5aeb7a50f3d83da038c6e9d03370c30265d6c6965d3c10
  languageName: node
  linkType: hard

"@rbxts/pretty-react-hooks@npm:^0.6.4":
  version: 0.6.4
  resolution: "@rbxts/pretty-react-hooks@npm:0.6.4"
  dependencies:
    "@rbxts/ripple": "npm:^0.9.3"
    "@rbxts/services": "npm:^1.5.5"
    "@rbxts/set-timeout": "npm:^1.1.2"
  peerDependencies:
    "@rbxts/react": "*"
    "@rbxts/react-roblox": "*"
  checksum: 10c0/f109e7d98d965fd101b7b2315410ffeb4f90245b2ecc7ff6d8d9d04a5757c9160356d7000daac4ffb761f020572056353cd923a961156b0474cc9501fc30a897
  languageName: node
  linkType: hard

"@rbxts/react@npm:^17.3.7-ts.2":
  version: 17.3.7-ts.2
  resolution: "@rbxts/react@npm:17.3.7-ts.2"
  dependencies:
    "@rbxts-js/react": "npm:^17.3.7-ts.1"
  checksum: 10c0/15a1c2330f6ba313da8a24c85094cee54350f02c97b2160f989f2b1cdd1cc1a57494ff0f2d178e2f37cc9ced4203830cec2812872c387152c8e3794620489467
  languageName: node
  linkType: hard

"@rbxts/ripple@npm:^0.9.1, @rbxts/ripple@npm:^0.9.3":
  version: 0.9.3
  resolution: "@rbxts/ripple@npm:0.9.3"
  checksum: 10c0/85013def6d8e3f735efc35527d4f2720b29d7ddf5d0464c1d21cb7d6ae5822d4e41b9adf71ad9dfade0d365f9700515c69fa85f8d59ce2287299a28b3b847838
  languageName: node
  linkType: hard

"@rbxts/services@npm:^1.5.1, @rbxts/services@npm:^1.5.5, @rbxts/services@npm:^1.6.0":
  version: 1.6.0
  resolution: "@rbxts/services@npm:1.6.0"
  checksum: 10c0/52bbd13cea8a85000d1772f602b5f49d06e4482bb75c441ffb197285b0b1521b5d749ea5d7f505773f6f58162bbb1f8e61dc8ed5f84350c4c6a30720649f827d
  languageName: node
  linkType: hard

"@rbxts/set-timeout@npm:^1.1.2":
  version: 1.1.2
  resolution: "@rbxts/set-timeout@npm:1.1.2"
  dependencies:
    "@rbxts/services": "npm:^1.5.1"
  checksum: 10c0/892a58dca638e6c824115a334526ddec5584a1faeac4c4d11d0f425a5475d0a489534c6137649bede135eb7906de997cd8a80e3527bda929bf959115a58d5715
  languageName: node
  linkType: hard

"@rbxts/t@npm:^3.2.1":
  version: 3.2.1
  resolution: "@rbxts/t@npm:3.2.1"
  checksum: 10c0/d196958e86a9b524a0484f9abf8efa9a1432a87c75dfae5a5a28596c953a4b92016c25ea4a71b7303b98255fcb8be0d9a39d99dcf43979b27ffb3b07109b7359
  languageName: node
  linkType: hard

"@rbxts/types@npm:^1.0.943":
  version: 1.0.943
  resolution: "@rbxts/types@npm:1.0.943"
  checksum: 10c0/842a5f4e5d0642d25dd83acbd98a42e11583984bde9e4a3eb6563888217febf6f740913d1d1b472dfebb432b7479c93bf8b44b4f866a3f3f6b3ab13c3fdb0936
  languageName: node
  linkType: hard

"@roblox-ts/luau-ast@npm:=2.0.0":
  version: 2.0.0
  resolution: "@roblox-ts/luau-ast@npm:2.0.0"
  checksum: 10c0/5499f2178c0857aa940a091c0e74be81636cf4ae16774b82b71974c55ee50dea36d75f7da0298e6dc036925eafd63714cf5094aa94987459ca5138302ed2d1d3
  languageName: node
  linkType: hard

"@roblox-ts/path-translator@npm:=1.1.0":
  version: 1.1.0
  resolution: "@roblox-ts/path-translator@npm:1.1.0"
  dependencies:
    ajv: "npm:^8.12.0"
    fs-extra: "npm:^11.2.0"
  checksum: 10c0/c0cbace91f8a1ea334bfab14a545288ab1efe93bd9af3de4f252b8e75427587f7eb9a7cbd8989b3e5b4cee2a80ab0a38e547b2cd429649a91d9ce2ed73568f56
  languageName: node
  linkType: hard

"@roblox-ts/rojo-resolver@npm:=1.1.0":
  version: 1.1.0
  resolution: "@roblox-ts/rojo-resolver@npm:1.1.0"
  dependencies:
    ajv: "npm:^8.17.1"
    fs-extra: "npm:^11.2.0"
  checksum: 10c0/36ad12c742d2651238d9bef2d34eacfb8e165278f8fb7a661098969c2021a4c899b6489a7cf7493dbea31cda2e80d3bacf743ed1d2fa9c6be485753dfb9f8457
  languageName: node
  linkType: hard

"abbrev@npm:^5.0.0":
  version: 5.0.0
  resolution: "abbrev@npm:5.0.0"
  checksum: 10c0/8e88f5c798ea4562d28c5a3e9ad69e3879890bc5d695d8f2dffb8609be4c890aacc8f80ef4553fdd2c6a62d70c2ce8bc57b38074e383beb7487bdafa9ed42ea5
  languageName: node
  linkType: hard

"ajv@npm:^8.12.0, ajv@npm:^8.17.1":
  version: 8.20.0
  resolution: "ajv@npm:8.20.0"
  dependencies:
    fast-deep-equal: "npm:^3.1.3"
    fast-uri: "npm:^3.0.1"
    json-schema-traverse: "npm:^1.0.0"
    require-from-string: "npm:^2.0.2"
  checksum: 10c0/5df9a1c8f83863cde1bd3a9ddb426f599718f88e3dc9153616c79fb28e0be455335830d7f21d745576519f057b371352daa31047b6a33d7036fe08777d60cf2a
  languageName: node
  linkType: hard

"ansi-regex@npm:^5.0.1":
  version: 5.0.1
  resolution: "ansi-regex@npm:5.0.1"
  checksum: 10c0/9a64bb8627b434ba9327b60c027742e5d17ac69277960d041898596271d992d4d52ba7267a63ca10232e29f6107fc8a835f6ce8d719b88c5f8493f8254813737
  languageName: node
  linkType: hard

"ansi-styles@npm:^4.0.0":
  version: 4.3.0
  resolution: "ansi-styles@npm:4.3.0"
  dependencies:
    color-convert: "npm:^2.0.1"
  checksum: 10c0/895a23929da416f2bd3de7e9cb4eabd340949328ab85ddd6e484a637d8f6820d485f53933446f5291c3b760cbc488beb8e88573dd0f9c7daf83dccc8fe81b041
  languageName: node
  linkType: hard

"anymatch@npm:~3.1.2":
  version: 3.1.3
  resolution: "anymatch@npm:3.1.3"
  dependencies:
    normalize-path: "npm:^3.0.0"
    picomatch: "npm:^2.0.4"
  checksum: 10c0/57b06ae984bc32a0d22592c87384cd88fe4511b1dd7581497831c56d41939c8a001b28e7b853e1450f2bf61992dfcaa8ae2d0d161a0a90c4fb631ef07098fbac
  languageName: node
  linkType: hard

"binary-extensions@npm:^2.0.0":
  version: 2.3.0
  resolution: "binary-extensions@npm:2.3.0"
  checksum: 10c0/75a59cafc10fb12a11d510e77110c6c7ae3f4ca22463d52487709ca7f18f69d886aa387557cc9864fbdb10153d0bdb4caacabf11541f55e89ed6e18d12ece2b5
  languageName: node
  linkType: hard

"braces@npm:~3.0.2":
  version: 3.0.3
  resolution: "braces@npm:3.0.3"
  dependencies:
    fill-range: "npm:^7.1.1"
  checksum: 10c0/7c6dfd30c338d2997ba77500539227b9d1f85e388a5f43220865201e407e076783d0881f2d297b9f80951b4c957fcf0b51c1d2d24227631643c3f7c284b0aa04
  languageName: node
  linkType: hard

"chokidar@npm:^3.6.0":
  version: 3.6.0
  resolution: "chokidar@npm:3.6.0"
  dependencies:
    anymatch: "npm:~3.1.2"
    braces: "npm:~3.0.2"
    fsevents: "npm:~2.3.2"
    glob-parent: "npm:~5.1.2"
    is-binary-path: "npm:~2.1.0"
    is-glob: "npm:~4.0.1"
    normalize-path: "npm:~3.0.0"
    readdirp: "npm:~3.6.0"
  dependenciesMeta:
    fsevents:
      optional: true
  checksum: 10c0/8361dcd013f2ddbe260eacb1f3cb2f2c6f2b0ad118708a343a5ed8158941a39cb8fb1d272e0f389712e74ee90ce8ba864eece9e0e62b9705cb468a2f6d917462
  languageName: node
  linkType: hard

"chownr@npm:^3.0.0":
  version: 3.0.0
  resolution: "chownr@npm:3.0.0"
  checksum: 10c0/43925b87700f7e3893296c8e9c56cc58f926411cce3a6e5898136daaf08f08b9a8eb76d37d3267e707d0dcc17aed2e2ebdf5848c0c3ce95cf910a919935c1b10
  languageName: node
  linkType: hard

"cliui@npm:^8.0.1":
  version: 8.0.1
  resolution: "cliui@npm:8.0.1"
  dependencies:
    string-width: "npm:^4.2.0"
    strip-ansi: "npm:^6.0.1"
    wrap-ansi: "npm:^7.0.0"
  checksum: 10c0/4bda0f09c340cbb6dfdc1ed508b3ca080f12992c18d68c6be4d9cf51756033d5266e61ec57529e610dacbf4da1c634423b0c1b11037709cc6b09045cbd815df5
  languageName: node
  linkType: hard

"color-convert@npm:^2.0.1":
  version: 2.0.1
  resolution: "color-convert@npm:2.0.1"
  dependencies:
    color-name: "npm:~1.1.4"
  checksum: 10c0/37e1150172f2e311fe1b2df62c6293a342ee7380da7b9cfdba67ea539909afbd74da27033208d01d6d5cfc65ee7868a22e18d7e7648e004425441c0f8a15a7d7
  languageName: node
  linkType: hard

"color-name@npm:~1.1.4":
  version: 1.1.4
  resolution: "color-name@npm:1.1.4"
  checksum: 10c0/a1a3f914156960902f46f7f56bc62effc6c94e84b2cae157a526b1c1f74b677a47ec602bf68a61abfa2b42d15b7c5651c6dbe72a43af720bc588dff885b10f95
  languageName: node
  linkType: hard

"emoji-regex@npm:^8.0.0":
  version: 8.0.0
  resolution: "emoji-regex@npm:8.0.0"
  checksum: 10c0/b6053ad39951c4cf338f9092d7bfba448cdfd46fe6a2a034700b149ac9ffbc137e361cbd3c442297f86bed2e5f7576c1b54cc0a6bf8ef5106cc62f496af35010
  languageName: node
  linkType: hard

"env-paths@npm:^2.2.0":
  version: 2.2.1
  resolution: "env-paths@npm:2.2.1"
  checksum: 10c0/285325677bf00e30845e330eec32894f5105529db97496ee3f598478e50f008c5352a41a30e5e72ec9de8a542b5a570b85699cd63bd2bc646dbcb9f311d83bc4
  languageName: node
  linkType: hard

"es-errors@npm:^1.3.0":
  version: 1.3.0
  resolution: "es-errors@npm:1.3.0"
  checksum: 10c0/0a61325670072f98d8ae3b914edab3559b6caa980f08054a3b872052640d91da01d38df55df797fcc916389d77fc92b8d5906cf028f4db46d7e3003abecbca85
  languageName: node
  linkType: hard

"escalade@npm:^3.1.1":
  version: 3.2.0
  resolution: "escalade@npm:3.2.0"
  checksum: 10c0/ced4dd3a78e15897ed3be74e635110bbf3b08877b0a41be50dcb325ee0e0b5f65fc2d50e9845194d7c4633f327e2e1c6cce00a71b617c5673df0374201d67f65
  languageName: node
  linkType: hard

"exponential-backoff@npm:^3.1.1":
  version: 3.1.3
  resolution: "exponential-backoff@npm:3.1.3"
  checksum: 10c0/77e3ae682b7b1f4972f563c6dbcd2b0d54ac679e62d5d32f3e5085feba20483cf28bd505543f520e287a56d4d55a28d7874299941faf637e779a1aa5994d1267
  languageName: node
  linkType: hard

"fast-deep-equal@npm:^3.1.3":
  version: 3.1.3
  resolution: "fast-deep-equal@npm:3.1.3"
  checksum: 10c0/40dedc862eb8992c54579c66d914635afbec43350afbbe991235fdcb4e3a8d5af1b23ae7e79bef7d4882d0ecee06c3197488026998fb19f72dc95acff1d1b1d0
  languageName: node
  linkType: hard

"fast-uri@npm:^3.0.1":
  version: 3.1.5
  resolution: "fast-uri@npm:3.1.5"
  checksum: 10c0/2bf60eb800dd610c65e17be436425dcb21c92aff3a87d442a8bccab0b7b071e88cf1a5d7d1ea946370b937e6fc0375c405c0296c10587e57de4f78be4646d1d0
  languageName: node
  linkType: hard

"fdir@npm:^6.5.0":
  version: 6.5.0
  resolution: "fdir@npm:6.5.0"
  peerDependencies:
    picomatch: ^3 || ^4
  peerDependenciesMeta:
    picomatch:
      optional: true
  checksum: 10c0/e345083c4306b3aed6cb8ec551e26c36bab5c511e99ea4576a16750ddc8d3240e63826cc624f5ae17ad4dc82e68a253213b60d556c11bfad064b7607847ed07f
  languageName: node
  linkType: hard

"fill-range@npm:^7.1.1":
  version: 7.1.1
  resolution: "fill-range@npm:7.1.1"
  dependencies:
    to-regex-range: "npm:^5.0.1"
  checksum: 10c0/b75b691bbe065472f38824f694c2f7449d7f5004aa950426a2c28f0306c60db9b880c0b0e4ed819997ffb882d1da02cfcfc819bddc94d71627f5269682edf018
  languageName: node
  linkType: hard

"fs-extra@npm:^11.2.0":
  version: 11.4.0
  resolution: "fs-extra@npm:11.4.0"
  dependencies:
    graceful-fs: "npm:^4.2.0"
    jsonfile: "npm:^6.0.1"
    universalify: "npm:^2.0.0"
  checksum: 10c0/1e311eca820a12d3d795f2043dcd5628d017f4d21e634f3f9ef314ae68bee9979758262fb9cb35ffa6f26454c3fffe8b15558733e91e8fc729b07b10bb98d8b6
  languageName: node
  linkType: hard

"fsevents@npm:~2.3.2":
  version: 2.3.3
  resolution: "fsevents@npm:2.3.3"
  dependencies:
    node-gyp: "npm:latest"
  checksum: 10c0/a1f0c44595123ed717febbc478aa952e47adfc28e2092be66b8ab1635147254ca6cfe1df792a8997f22716d4cbafc73309899ff7bfac2ac3ad8cf2e4ecc3ec60
  conditions: os=darwin
  languageName: node
  linkType: hard

"fsevents@patch:fsevents@npm%3A~2.3.2#optional!builtin<compat/fsevents>":
  version: 2.3.3
  resolution: "fsevents@patch:fsevents@npm%3A2.3.3#optional!builtin<compat/fsevents>::version=2.3.3&hash=df0bf1"
  dependencies:
    node-gyp: "npm:latest"
  conditions: os=darwin
  languageName: node
  linkType: hard

"function-bind@npm:^1.1.2":
  version: 1.1.2
  resolution: "function-bind@npm:1.1.2"
  checksum: 10c0/d8680ee1e5fcd4c197e4ac33b2b4dce03c71f4d91717292785703db200f5c21f977c568d28061226f9b5900cbcd2c84463646134fd5337e7925e0942bc3f46d5
  languageName: node
  linkType: hard

"get-caller-file@npm:^2.0.5":
  version: 2.0.5
  resolution: "get-caller-file@npm:2.0.5"
  checksum: 10c0/c6c7b60271931fa752aeb92f2b47e355eac1af3a2673f47c9589e8f8a41adc74d45551c1bc57b5e66a80609f10ffb72b6f575e4370d61cc3f7f3aaff01757cde
  languageName: node
  linkType: hard

"glob-parent@npm:~5.1.2":
  version: 5.1.2
  resolution: "glob-parent@npm:5.1.2"
  dependencies:
    is-glob: "npm:^4.0.1"
  checksum: 10c0/cab87638e2112bee3f839ef5f6e0765057163d39c66be8ec1602f3823da4692297ad4e972de876ea17c44d652978638d2fd583c6713d0eb6591706825020c9ee
  languageName: node
  linkType: hard

"graceful-fs@npm:^4.1.6, graceful-fs@npm:^4.2.0, graceful-fs@npm:^4.2.6":
  version: 4.2.11
  resolution: "graceful-fs@npm:4.2.11"
  checksum: 10c0/386d011a553e02bc594ac2ca0bd6d9e4c22d7fa8cfbfc448a6d148c59ea881b092db9dbe3547ae4b88e55f1b01f7c4a2ecc53b310c042793e63aa44cf6c257f2
  languageName: node
  linkType: hard

"hasown@npm:^2.0.3":
  version: 2.0.4
  resolution: "hasown@npm:2.0.4"
  dependencies:
    function-bind: "npm:^1.1.2"
  checksum: 10c0/2d8de939e270b70618f8cebb69746620db10617dbb495bc66ddad326955ea24d3ca4af133aff3eb7c1853e0218f867bc2b050ec26fe02e3aea58f880ffc5e506
  languageName: node
  linkType: hard

"is-binary-path@npm:~2.1.0":
  version: 2.1.0
  resolution: "is-binary-path@npm:2.1.0"
  dependencies:
    binary-extensions: "npm:^2.0.0"
  checksum: 10c0/a16eaee59ae2b315ba36fad5c5dcaf8e49c3e27318f8ab8fa3cdb8772bf559c8d1ba750a589c2ccb096113bb64497084361a25960899cb6172a6925ab6123d38
  languageName: node
  linkType: hard

"is-core-module@npm:^2.16.1":
  version: 2.16.2
  resolution: "is-core-module@npm:2.16.2"
  dependencies:
    hasown: "npm:^2.0.3"
  checksum: 10c0/14b4258390283709c15476d023ec173e27458d5d014ccdb8ed39d576e551c3fa45498b7c9fe178f1529c4cb2648ddd58852a6a62107a019f6e349529f277518a
  languageName: node
  linkType: hard

"is-extglob@npm:^2.1.1":
  version: 2.1.1
  resolution: "is-extglob@npm:2.1.1"
  checksum: 10c0/5487da35691fbc339700bbb2730430b07777a3c21b9ebaecb3072512dfd7b4ba78ac2381a87e8d78d20ea08affb3f1971b4af629173a6bf435ff8a4c47747912
  languageName: node
  linkType: hard

"is-fullwidth-code-point@npm:^3.0.0":
  version: 3.0.0
  resolution: "is-fullwidth-code-point@npm:3.0.0"
  checksum: 10c0/bb11d825e049f38e04c06373a8d72782eee0205bda9d908cc550ccb3c59b99d750ff9537982e01733c1c94a58e35400661f57042158ff5e8f3e90cf936daf0fc
  languageName: node
  linkType: hard

"is-glob@npm:^4.0.1, is-glob@npm:~4.0.1":
  version: 4.0.3
  resolution: "is-glob@npm:4.0.3"
  dependencies:
    is-extglob: "npm:^2.1.1"
  checksum: 10c0/17fb4014e22be3bbecea9b2e3a76e9e34ff645466be702f1693e8f1ee1adac84710d0be0bd9f967d6354036fd51ab7c2741d954d6e91dae6bb69714de92c197a
  languageName: node
  linkType: hard

"is-number@npm:^7.0.0":
  version: 7.0.0
  resolution: "is-number@npm:7.0.0"
  checksum: 10c0/b4686d0d3053146095ccd45346461bc8e53b80aeb7671cc52a4de02dbbf7dc0d1d2a986e2fe4ae206984b4d34ef37e8b795ebc4f4295c978373e6575e295d811
  languageName: node
  linkType: hard

"isexe@npm:^4.0.0":
  version: 4.0.0
  resolution: "isexe@npm:4.0.0"
  checksum: 10c0/5884815115bceac452877659a9c7726382531592f43dc29e5d48b7c4100661aed54018cb90bd36cb2eaeba521092570769167acbb95c18d39afdccbcca06c5ce
  languageName: node
  linkType: hard

"json-schema-traverse@npm:^1.0.0":
  version: 1.0.0
  resolution: "json-schema-traverse@npm:1.0.0"
  checksum: 10c0/71e30015d7f3d6dc1c316d6298047c8ef98a06d31ad064919976583eb61e1018a60a0067338f0f79cabc00d84af3fcc489bd48ce8a46ea165d9541ba17fb30c6
  languageName: node
  linkType: hard

"jsonfile@npm:^6.0.1":
  version: 6.2.1
  resolution: "jsonfile@npm:6.2.1"
  dependencies:
    graceful-fs: "npm:^4.1.6"
    universalify: "npm:^2.0.0"
  dependenciesMeta:
    graceful-fs:
      optional: true
  checksum: 10c0/e1abf000ecee9942d4d028a8e02dc752617face227d72afd1cfb2187e2433079e625bf82b807a313689db71b6472c6b2b389a2340d2798737b1199a39631c28a
  languageName: node
  linkType: hard

"kleur@npm:^4.1.5":
  version: 4.1.5
  resolution: "kleur@npm:4.1.5"
  checksum: 10c0/e9de6cb49657b6fa70ba2d1448fd3d691a5c4370d8f7bbf1c2f64c24d461270f2117e1b0afe8cb3114f13bbd8e51de158c2a224953960331904e636a5e4c0f2a
  languageName: node
  linkType: hard

"minipass@npm:^7.0.4, minipass@npm:^7.1.2":
  version: 7.1.3
  resolution: "minipass@npm:7.1.3"
  checksum: 10c0/539da88daca16533211ea5a9ee98dc62ff5742f531f54640dd34429e621955e91cc280a91a776026264b7f9f6735947629f920944e9c1558369e8bf22eb33fbb
  languageName: node
  linkType: hard

"minizlib@npm:^3.1.0":
  version: 3.1.0
  resolution: "minizlib@npm:3.1.0"
  dependencies:
    minipass: "npm:^7.1.2"
  checksum: 10c0/5aad75ab0090b8266069c9aabe582c021ae53eb33c6c691054a13a45db3b4f91a7fb1bd79151e6b4e9e9a86727b522527c0a06ec7d45206b745d54cd3097bcec
  languageName: node
  linkType: hard

"node-gyp@npm:latest":
  version: 13.0.1
  resolution: "node-gyp@npm:13.0.1"
  dependencies:
    env-paths: "npm:^2.2.0"
    exponential-backoff: "npm:^3.1.1"
    graceful-fs: "npm:^4.2.6"
    nopt: "npm:^10.0.0"
    proc-log: "npm:^7.0.0"
    semver: "npm:^7.3.5"
    tar: "npm:^7.5.4"
    tinyglobby: "npm:^0.2.12"
    undici: "npm:^8.4.1"
    which: "npm:^7.0.0"
  bin:
    node-gyp: bin/node-gyp.js
  checksum: 10c0/424077bc9e9bbe953a8e86db473ba818cbc6a121714008c977fd589e21e5f0c811fbf22faac730dc7182450b5e52df301811d01ae3373898658d999b7710f4e6
  languageName: node
  linkType: hard

"nopt@npm:^10.0.0":
  version: 10.0.1
  resolution: "nopt@npm:10.0.1"
  dependencies:
    abbrev: "npm:^5.0.0"
  bin:
    nopt: bin/nopt.js
  checksum: 10c0/980d89257f9587f3e1f77877ddbf905d6aa3b738ec33e49a4fa1a059a0dd82eb28063982b150654a7ae9de386f2ead60e56172db7d37cf56de545f7392a2a26a
  languageName: node
  linkType: hard

"normalize-path@npm:^3.0.0, normalize-path@npm:~3.0.0":
  version: 3.0.0
  resolution: "normalize-path@npm:3.0.0"
  checksum: 10c0/e008c8142bcc335b5e38cf0d63cfd39d6cf2d97480af9abdbe9a439221fd4d749763bab492a8ee708ce7a194bb00c9da6d0a115018672310850489137b3da046
  languageName: node
  linkType: hard

"path-parse@npm:^1.0.7":
  version: 1.0.7
  resolution: "path-parse@npm:1.0.7"
  checksum: 10c0/11ce261f9d294cc7a58d6a574b7f1b935842355ec66fba3c3fd79e0f036462eaf07d0aa95bb74ff432f9afef97ce1926c720988c6a7451d8a584930ae7de86e1
  languageName: node
  linkType: hard

"picomatch@npm:^2.0.4, picomatch@npm:^2.2.1":
  version: 2.3.2
  resolution: "picomatch@npm:2.3.2"
  checksum: 10c0/a554d1709e59be97d1acb9eaedbbc700a5c03dbd4579807baed95100b00420bc729335440ef15004ae2378984e2487a7c1cebd743cfdb72b6fa9ab69223c0d61
  languageName: node
  linkType: hard

"picomatch@npm:^4.0.4":
  version: 4.0.5
  resolution: "picomatch@npm:4.0.5"
  checksum: 10c0/947bc6b6e1ff1e6c5aaf95b107a0839d12802f4f7b867663f67d47accba939ca1cb582cf99dfc30438efa1c4648ac5990967e783e8929c36b03e8440704ef1bd
  languageName: node
  linkType: hard

"proc-log@npm:^7.0.0":
  version: 7.0.0
  resolution: "proc-log@npm:7.0.0"
  checksum: 10c0/b89c2d862604f35fec795477b0c7e376feab3ba0d4f4d291c4e959567442697cf451ac557d0623c1cc38af45a78128b983410f397a10c5d3a67f76c33de4754b
  languageName: node
  linkType: hard

"readdirp@npm:~3.6.0":
  version: 3.6.0
  resolution: "readdirp@npm:3.6.0"
  dependencies:
    picomatch: "npm:^2.2.1"
  checksum: 10c0/6fa848cf63d1b82ab4e985f4cf72bd55b7dcfd8e0a376905804e48c3634b7e749170940ba77b32804d5fe93b3cc521aa95a8d7e7d725f830da6d93f3669ce66b
  languageName: node
  linkType: hard

"require-directory@npm:^2.1.1":
  version: 2.1.1
  resolution: "require-directory@npm:2.1.1"
  checksum: 10c0/83aa76a7bc1531f68d92c75a2ca2f54f1b01463cb566cf3fbc787d0de8be30c9dbc211d1d46be3497dac5785fe296f2dd11d531945ac29730643357978966e99
  languageName: node
  linkType: hard

"require-from-string@npm:^2.0.2":
  version: 2.0.2
  resolution: "require-from-string@npm:2.0.2"
  checksum: 10c0/aaa267e0c5b022fc5fd4eef49d8285086b15f2a1c54b28240fdf03599cbd9c26049fee3eab894f2e1f6ca65e513b030a7c264201e3f005601e80c49fb2937ce2
  languageName: node
  linkType: hard

"resolve@npm:^1.22.6":
  version: 1.22.12
  resolution: "resolve@npm:1.22.12"
  dependencies:
    es-errors: "npm:^1.3.0"
    is-core-module: "npm:^2.16.1"
    path-parse: "npm:^1.0.7"
    supports-preserve-symlinks-flag: "npm:^1.0.0"
  bin:
    resolve: bin/resolve
  checksum: 10c0/b16dc9b537c02e8c3388f7d3dcff9741d3071625f9a97ac1c885f2b0ca51e78df22328fb6d6ef214dd9101fb7cfc19aa2836fe3410402a94f3f7b8639c7149bf
  languageName: node
  linkType: hard

"resolve@patch:resolve@npm%3A^1.22.6#optional!builtin<compat/resolve>":
  version: 1.22.12
  resolution: "resolve@patch:resolve@npm%3A1.22.12#optional!builtin<compat/resolve>::version=1.22.12&hash=c3c19d"
  dependencies:
    es-errors: "npm:^1.3.0"
    is-core-module: "npm:^2.16.1"
    path-parse: "npm:^1.0.7"
    supports-preserve-symlinks-flag: "npm:^1.0.0"
  bin:
    resolve: bin/resolve
  checksum: 10c0/fc6519984ae1f894d877c0060ba8b1f5ba3bc0e85a02f74e141929c118c23d74d9735619a9cc2965397387e514884245c65d72a40731dcb6cfc84c7bcdc8321e
  languageName: node
  linkType: hard

"roblox-ts@npm:^3.0.0":
  version: 3.0.0
  resolution: "roblox-ts@npm:3.0.0"
  dependencies:
    "@roblox-ts/luau-ast": "npm:=2.0.0"
    "@roblox-ts/path-translator": "npm:=1.1.0"
    "@roblox-ts/rojo-resolver": "npm:=1.1.0"
    chokidar: "npm:^3.6.0"
    fs-extra: "npm:^11.2.0"
    kleur: "npm:^4.1.5"
    resolve: "npm:^1.22.6"
    typescript: "npm:=5.5.3"
    yargs: "npm:^17.7.2"
  bin:
    rbxtsc: out/CLI/cli.js
  checksum: 10c0/68a134081244b0aa9c665fa0475944388dbbd6e497d16941fe6b35ec8448a90c45288ab7f56ea1f52f8b46d6ff2b79287086675e41df4eee761d4309e87a6624
  languageName: node
  linkType: hard

"semver@npm:^7.3.5":
  version: 7.8.5
  resolution: "semver@npm:7.8.5"
  bin:
    semver: bin/semver.js
  checksum: 10c0/b1f3127a5be8125a94f37188b361c212466c292c6910adce3ec106cff5dc211ccaedc4739c11bb70fda59d6fc1f040a9bca289f4e093451521a2372e5231fe0c
  languageName: node
  linkType: hard

"string-width@npm:^4.1.0, string-width@npm:^4.2.0, string-width@npm:^4.2.3":
  version: 4.2.3
  resolution: "string-width@npm:4.2.3"
  dependencies:
    emoji-regex: "npm:^8.0.0"
    is-fullwidth-code-point: "npm:^3.0.0"
    strip-ansi: "npm:^6.0.1"
  checksum: 10c0/1e525e92e5eae0afd7454086eed9c818ee84374bb80328fc41217ae72ff5f065ef1c9d7f72da41de40c75fa8bb3dee63d92373fd492c84260a552c636392a47b
  languageName: node
  linkType: hard

"strip-ansi@npm:^6.0.0, strip-ansi@npm:^6.0.1":
  version: 6.0.1
  resolution: "strip-ansi@npm:6.0.1"
  dependencies:
    ansi-regex: "npm:^5.0.1"
  checksum: 10c0/1ae5f212a126fe5b167707f716942490e3933085a5ff6c008ab97ab2f272c8025d3aa218b7bd6ab25729ca20cc81cddb252102f8751e13482a5199e873680952
  languageName: node
  linkType: hard

"supports-preserve-symlinks-flag@npm:^1.0.0":
  version: 1.0.0
  resolution: "supports-preserve-symlinks-flag@npm:1.0.0"
  checksum: 10c0/6c4032340701a9950865f7ae8ef38578d8d7053f5e10518076e6554a9381fa91bd9c6850193695c141f32b21f979c985db07265a758867bac95de05f7d8aeb39
  languageName: node
  linkType: hard

"tar@npm:^7.5.4":
  version: 7.5.22
  resolution: "tar@npm:7.5.22"
  dependencies:
    "@isaacs/fs-minipass": "npm:^4.0.0"
    chownr: "npm:^3.0.0"
    minipass: "npm:^7.1.2"
    minizlib: "npm:^3.1.0"
    yallist: "npm:^5.0.0"
  checksum: 10c0/1311f6be85a8157ac4c9147bae43e13923d2a1aae15e4aa1bd5239e4e03d2cf53cfe103dde7f35832fbb4c938b042856bc8e9a0afd29abd05e2d1608788c4fea
  languageName: node
  linkType: hard

"tinyglobby@npm:^0.2.12":
  version: 0.2.17
  resolution: "tinyglobby@npm:0.2.17"
  dependencies:
    fdir: "npm:^6.5.0"
    picomatch: "npm:^4.0.4"
  checksum: 10c0/7f7bb0f197c88bc4b20c231e0deca4240ca3bf313a88f5a7fee93a872b84966a4d50220947c0455ad07a60b3b360961c5b7fd979222aeb716a9f99b412002e4c
  languageName: node
  linkType: hard

"to-regex-range@npm:^5.0.1":
  version: 5.0.1
  resolution: "to-regex-range@npm:5.0.1"
  dependencies:
    is-number: "npm:^7.0.0"
  checksum: 10c0/487988b0a19c654ff3e1961b87f471702e708fa8a8dd02a298ef16da7206692e8552a0250e8b3e8759270f62e9d8314616f6da274734d3b558b1fc7b7724e892
  languageName: node
  linkType: hard

"typescript@npm:=5.5.3":
  version: 5.5.3
  resolution: "typescript@npm:5.5.3"
  bin:
    tsc: bin/tsc
    tsserver: bin/tsserver
  checksum: 10c0/f52c71ccbc7080b034b9d3b72051d563601a4815bf3e39ded188e6ce60813f75dbedf11ad15dd4d32a12996a9ed8c7155b46c93a9b9c9bad1049766fe614bbdd
  languageName: node
  linkType: hard

"typescript@npm:^6.0.3":
  version: 6.0.3
  resolution: "typescript@npm:6.0.3"
  bin:
    tsc: bin/tsc
    tsserver: bin/tsserver
  checksum: 10c0/4a25ff5045b984370f48f196b3a0120779b1b343d40b9a68d114ea5e5fff099809b2bb777576991a63a5cd59cf7bffd96ff6fe10afcefbcb8bd6fb96ad4b6606
  languageName: node
  linkType: hard

"typescript@patch:typescript@npm%3A=5.5.3#optional!builtin<compat/typescript>":
  version: 5.5.3
  resolution: "typescript@patch:typescript@npm%3A5.5.3#optional!builtin<compat/typescript>::version=5.5.3&hash=379a07"
  bin:
    tsc: bin/tsc
    tsserver: bin/tsserver
  checksum: 10c0/911c7811d61f57f07df79c4a35f56a0f426a65426a020e5fcd792f66559f399017205f5f10255329ab5a3d8c2d1f1d19530aeceffda70758a521fae1d469432e
  languageName: node
  linkType: hard

"typescript@patch:typescript@npm%3A^6.0.3#optional!builtin<compat/typescript>":
  version: 6.0.3
  resolution: "typescript@patch:typescript@npm%3A6.0.3#optional!builtin<compat/typescript>::version=6.0.3&hash=5786d5"
  bin:
    tsc: bin/tsc
    tsserver: bin/tsserver
  checksum: 10c0/2f25c74e65663c248fa1ade2b8459d9ce5372ff9dad07067310f132966ebec1d93f6c42f0baf77a6b6a7a91460463f708e6887013aaade22111037457c6b25df
  languageName: node
  linkType: hard

"undici@npm:^8.4.1":
  version: 8.10.0
  resolution: "undici@npm:8.10.0"
  checksum: 10c0/37ae2b1db8f65c3a003504e2040e96887b99f9db16ba07dcf49c37ed8b7f8c72f4452f2d46f52f7c9e49518fe8325e3b5e7e02ac3a2424886bd67d4b62a0ecab
  languageName: node
  linkType: hard

"universalify@npm:^2.0.0":
  version: 2.0.1
  resolution: "universalify@npm:2.0.1"
  checksum: 10c0/73e8ee3809041ca8b818efb141801a1004e3fc0002727f1531f4de613ea281b494a40909596dae4a042a4fb6cd385af5d4db2e137b1362e0e91384b828effd3a
  languageName: node
  linkType: hard

"which@npm:^7.0.0":
  version: 7.0.0
  resolution: "which@npm:7.0.0"
  dependencies:
    isexe: "npm:^4.0.0"
  bin:
    node-which: bin/which.js
  checksum: 10c0/ca0b54f198f78bbc4b7c02e34bda8d335cb352e0adb4cbca1c37b1a957af3a879a82c4c27ca6525bc942f548d8b64f816ef6528360af9f3de55ffb9b979b620d
  languageName: node
  linkType: hard

"wrap-ansi@npm:^7.0.0":
  version: 7.0.0
  resolution: "wrap-ansi@npm:7.0.0"
  dependencies:
    ansi-styles: "npm:^4.0.0"
    string-width: "npm:^4.1.0"
    strip-ansi: "npm:^6.0.0"
  checksum: 10c0/d15fc12c11e4cbc4044a552129ebc75ee3f57aa9c1958373a4db0292d72282f54373b536103987a4a7594db1ef6a4f10acf92978f79b98c49306a4b58c77d4da
  languageName: node
  linkType: hard

"y18n@npm:^5.0.5":
  version: 5.0.8
  resolution: "y18n@npm:5.0.8"
  checksum: 10c0/4df2842c36e468590c3691c894bc9cdbac41f520566e76e24f59401ba7d8b4811eb1e34524d57e54bc6d864bcb66baab7ffd9ca42bf1eda596618f9162b91249
  languageName: node
  linkType: hard

"yallist@npm:^5.0.0":
  version: 5.0.0
  resolution: "yallist@npm:5.0.0"
  checksum: 10c0/a499c81ce6d4a1d260d4ea0f6d49ab4da09681e32c3f0472dee16667ed69d01dae63a3b81745a24bd78476ec4fcf856114cb4896ace738e01da34b2c42235416
  languageName: node
  linkType: hard

"yargs-parser@npm:^21.1.1":
  version: 21.1.1
  resolution: "yargs-parser@npm:21.1.1"
  checksum: 10c0/f84b5e48169479d2f402239c59f084cfd1c3acc197a05c59b98bab067452e6b3ea46d4dd8ba2985ba7b3d32a343d77df0debd6b343e5dae3da2aab2cdf5886b2
  languageName: node
  linkType: hard

"yargs@npm:^17.7.2":
  version: 17.7.3
  resolution: "yargs@npm:17.7.3"
  dependencies:
    cliui: "npm:^8.0.1"
    escalade: "npm:^3.1.1"
    get-caller-file: "npm:^2.0.5"
    require-directory: "npm:^2.1.1"
    string-width: "npm:^4.2.3"
    y18n: "npm:^5.0.5"
    yargs-parser: "npm:^21.1.1"
  checksum: 10c0/7a28572f7e785a57886e34fdbddb9b28756dec552e1453d5f6e7cdd00ad8721a4e8c4321d33683f5e61cacb36ad43258adbb48396b71ec4ed14abee0fc0d0c1f
  languageName: node
  linkType: hard
